Microsoft Visual Studio Solution File, Format Version 12.00
# Visual Studio Version 17
VisualStudioVersion = 17.2.32210.308
MinimumVisualStudioVersion = 15.0.26124.0

Project("{2150E333-8FDC-42A3-9474-1A3956D46DE8}") = "Source", "Source", "{684831E8-C62D-4208-ACEB-CD99F631FE9E}"
EndProject
Project("{2150E333-8FDC-42A3-9474-1A3956D46DE8}") = "Platforms", "Platforms", "{663A6C46-D746-4109-B199-9C9EE689CB6F}"
EndProject

Project("{9A19103F-16F7-4668-BE54-9A1E7A4F7556}") = "Xunit.Uno.Runner", "Xunit.Uno.Runner\Xunit.Uno.Runner.csproj", "{4DCEDF2D-4002-41AC-A705-08BFD5879C6F}"
EndProject
Project("{9A19103F-16F7-4668-BE54-9A1E7A4F7556}") = "Xunit.Uno.Runner.Shared", "Xunit.Uno.Runner.Shared\Xunit.Uno.Runner.Shared.csproj", "{2189102C-8698-4760-A2C5-ADED686F84E2}"
EndProject
Project("{9A19103F-16F7-4668-BE54-9A1E7A4F7556}") = "Xunit.Uno.Runner.Mobile", "Xunit.Uno.Runner.Mobile\Xunit.Uno.Runner.Mobile.csproj", "{5BD276C3-3F42-426C-BC17-130BDE0D9F13}"
EndProject
Project("{9A19103F-16F7-4668-BE54-9A1E7A4F7556}") = "Xunit.Uno.Runner.Wasm", "Xunit.Uno.Runner.Wasm\Xunit.Uno.Runner.Wasm.csproj", "{8844BFB1-EB02-40BB-85A7-DF2B4F67C29D}"
EndProject
Project("{9A19103F-16F7-4668-BE54-9A1E7A4F7556}") = "Xunit.Uno.Runner.Skia.Gtk", "Xunit.Uno.Runner.Skia.Gtk\Xunit.Uno.Runner.Skia.Gtk.csproj", "{114BEE58-42EB-4466-BF1D-C3B2E902B994}"
EndProject
Project("{9A19103F-16F7-4668-BE54-9A1E7A4F7556}") = "Xunit.Uno.Runner.Windows", "Xunit.Uno.Runner.Windows\Xunit.Uno.Runner.Windows.csproj", "{AC9BABA4-D89B-4EDA-BBA9-0AF785A2EB1C}"
EndProject

Project("{2150E333-8FDC-42A3-9474-1A3956D46DE8}") = "Solution Items", "Solution Items", "{BADA71DC-7FFD-4EDC-9F28-FB74AEADC713}"
	ProjectSection(SolutionItems) = preProject
		.gitignore = .gitignore
		Directory.Build.props = Directory.Build.props
		Directory.Build.targets = Directory.Build.targets
		solution-config.props.sample = solution-config.props.sample
		global.json = global.json
		Directory.Packages.props = Directory.Packages.props
	EndProjectSection
EndProject
Project("{2150E333-8FDC-42A3-9474-1A3956D46DE8}") = "Core", "Core", "{3A05EEF9-9E58-41B1-B6C9-A17BA1BB7E8B}"
EndProject
Project("{FAE04EC0-301F-11D3-BF4B-00C04F79EFBC}") = "XUnit.Runner.Core", "XUnit.Runner.Core\XUnit.Runner.Core.csproj", "{2A26C938-F51F-4F4A-A389-3DA5DB70CEC9}"
EndProject
Global
	GlobalSection(SolutionConfigurationPlatforms) = preSolution
		Debug|Any CPU = Debug|Any CPU
		Debug|ARM = Debug|ARM
		Debug|ARM64 = Debug|ARM64
		Debug|iPhone = Debug|iPhone
		Debug|iPhoneSimulator = Debug|iPhoneSimulator
		Debug|x64 = Debug|x64
		Debug|x86 = Debug|x86
		Release|Any CPU = Release|Any CPU
		Release|ARM = Release|ARM
		Release|ARM64 = Release|ARM64
		Release|iPhone = Release|iPhone
		Release|iPhoneSimulator = Release|iPhoneSimulator
		Release|x64 = Release|x64
		Release|x86 = Release|x86
	EndGlobalSection
	GlobalSection(ProjectConfigurationPlatforms) = postSolution
		{5BD276C3-3F42-426C-BC17-130BDE0D9F13}.Debug|Any CPU.ActiveCfg = Debug|Any CPU
		{5BD276C3-3F42-426C-BC17-130BDE0D9F13}.Debug|Any CPU.Build.0 = Debug|Any CPU
		{5BD276C3-3F42-426C-BC17-130BDE0D9F13}.Debug|Any CPU.Deploy.0 = Debug|Any CPU
		{5BD276C3-3F42-426C-BC17-130BDE0D9F13}.Debug|ARM.ActiveCfg = Debug|Any CPU
		{5BD276C3-3F42-426C-BC17-130BDE0D9F13}.Debug|ARM.Build.0 = Debug|Any CPU
		{5BD276C3-3F42-426C-BC17-130BDE0D9F13}.Debug|ARM.Deploy.0 = Debug|Any CPU
		{5BD276C3-3F42-426C-BC17-130BDE0D9F13}.Debug|ARM64.ActiveCfg = Debug|Any CPU
		{5BD276C3-3F42-426C-BC17-130BDE0D9F13}.Debug|ARM64.Build.0 = Debug|Any CPU
		{5BD276C3-3F42-426C-BC17-130BDE0D9F13}.Debug|ARM64.Deploy.0 = Debug|Any CPU
		{5BD276C3-3F42-426C-BC17-130BDE0D9F13}.Debug|iPhone.ActiveCfg = Debug|Any CPU
		{5BD276C3-3F42-426C-BC17-130BDE0D9F13}.Debug|iPhone.Build.0 = Debug|Any CPU
		{5BD276C3-3F42-426C-BC17-130BDE0D9F13}.Debug|iPhone.Deploy.0 = Debug|Any CPU
		{5BD276C3-3F42-426C-BC17-130BDE0D9F13}.Debug|iPhoneSimulator.ActiveCfg = Debug|Any CPU
		{5BD276C3-3F42-426C-BC17-130BDE0D9F13}.Debug|iPhoneSimulator.Build.0 = Debug|Any CPU
		{5BD276C3-3F42-426C-BC17-130BDE0D9F13}.Debug|iPhoneSimulator.Deploy.0 = Debug|Any CPU
		{5BD276C3-3F42-426C-BC17-130BDE0D9F13}.Debug|x64.ActiveCfg = Debug|Any CPU
		{5BD276C3-3F42-426C-BC17-130BDE0D9F13}.Debug|x64.Build.0 = Debug|Any CPU
		{5BD276C3-3F42-426C-BC17-130BDE0D9F13}.Debug|x64.Deploy.0 = Debug|Any CPU
		{5BD276C3-3F42-426C-BC17-130BDE0D9F13}.Debug|x86.ActiveCfg = Debug|Any CPU
		{5BD276C3-3F42-426C-BC17-130BDE0D9F13}.Debug|x86.Build.0 = Debug|Any CPU
		{5BD276C3-3F42-426C-BC17-130BDE0D9F13}.Debug|x86.Deploy.0 = Debug|Any CPU
		{5BD276C3-3F42-426C-BC17-130BDE0D9F13}.Release|Any CPU.ActiveCfg = Release|Any CPU
		{5BD276C3-3F42-426C-BC17-130BDE0D9F13}.Release|Any CPU.Build.0 = Release|Any CPU
		{5BD276C3-3F42-426C-BC17-130BDE0D9F13}.Release|Any CPU.Deploy.0 = Release|Any CPU
		{5BD276C3-3F42-426C-BC17-130BDE0D9F13}.Release|ARM.ActiveCfg = Release|Any CPU
		{5BD276C3-3F42-426C-BC17-130BDE0D9F13}.Release|ARM.Build.0 = Release|Any CPU
		{5BD276C3-3F42-426C-BC17-130BDE0D9F13}.Release|ARM.Deploy.0 = Release|Any CPU
		{5BD276C3-3F42-426C-BC17-130BDE0D9F13}.Release|ARM64.ActiveCfg = Release|Any CPU
		{5BD276C3-3F42-426C-BC17-130BDE0D9F13}.Release|ARM64.Build.0 = Release|Any CPU
		{5BD276C3-3F42-426C-BC17-130BDE0D9F13}.Release|ARM64.Deploy.0 = Release|Any CPU
		{5BD276C3-3F42-426C-BC17-130BDE0D9F13}.Release|iPhone.ActiveCfg = Release|Any CPU
		{5BD276C3-3F42-426C-BC17-130BDE0D9F13}.Release|iPhone.Build.0 = Release|Any CPU
		{5BD276C3-3F42-426C-BC17-130BDE0D9F13}.Release|iPhone.Deploy.0 = Release|Any CPU
		{5BD276C3-3F42-426C-BC17-130BDE0D9F13}.Release|iPhoneSimulator.ActiveCfg = Release|Any CPU
		{5BD276C3-3F42-426C-BC17-130BDE0D9F13}.Release|iPhoneSimulator.Build.0 = Release|Any CPU
		{5BD276C3-3F42-426C-BC17-130BDE0D9F13}.Release|iPhoneSimulator.Deploy.0 = Release|Any CPU
		{5BD276C3-3F42-426C-BC17-130BDE0D9F13}.Release|x64.ActiveCfg = Release|Any CPU
		{5BD276C3-3F42-426C-BC17-130BDE0D9F13}.Release|x64.Build.0 = Release|Any CPU
		{5BD276C3-3F42-426C-BC17-130BDE0D9F13}.Release|x64.Deploy.0 = Release|Any CPU
		{5BD276C3-3F42-426C-BC17-130BDE0D9F13}.Release|x86.ActiveCfg = Release|Any CPU
		{5BD276C3-3F42-426C-BC17-130BDE0D9F13}.Release|x86.Build.0 = Release|Any CPU
		{5BD276C3-3F42-426C-BC17-130BDE0D9F13}.Release|x86.Deploy.0 = Release|Any CPU
		{8844BFB1-EB02-40BB-85A7-DF2B4F67C29D}.Debug|Any CPU.ActiveCfg = Debug|Any CPU
		{8844BFB1-EB02-40BB-85A7-DF2B4F67C29D}.Debug|Any CPU.Build.0 = Debug|Any CPU
		{8844BFB1-EB02-40BB-85A7-DF2B4F67C29D}.Debug|ARM.ActiveCfg = Debug|Any CPU
		{8844BFB1-EB02-40BB-85A7-DF2B4F67C29D}.Debug|ARM.Build.0 = Debug|Any CPU
		{8844BFB1-EB02-40BB-85A7-DF2B4F67C29D}.Debug|ARM64.ActiveCfg = Debug|Any CPU
		{8844BFB1-EB02-40BB-85A7-DF2B4F67C29D}.Debug|ARM64.Build.0 = Debug|Any CPU
		{8844BFB1-EB02-40BB-85A7-DF2B4F67C29D}.Debug|iPhone.ActiveCfg = Debug|Any CPU
		{8844BFB1-EB02-40BB-85A7-DF2B4F67C29D}.Debug|iPhone.Build.0 = Debug|Any CPU
		{8844BFB1-EB02-40BB-85A7-DF2B4F67C29D}.Debug|iPhoneSimulator.ActiveCfg = Debug|Any CPU
		{8844BFB1-EB02-40BB-85A7-DF2B4F67C29D}.Debug|iPhoneSimulator.Build.0 = Debug|Any CPU
		{8844BFB1-EB02-40BB-85A7-DF2B4F67C29D}.Debug|x64.ActiveCfg = Debug|Any CPU
		{8844BFB1-EB02-40BB-85A7-DF2B4F67C29D}.Debug|x64.Build.0 = Debug|Any CPU
		{8844BFB1-EB02-40BB-85A7-DF2B4F67C29D}.Debug|x86.ActiveCfg = Debug|Any CPU
		{8844BFB1-EB02-40BB-85A7-DF2B4F67C29D}.Debug|x86.Build.0 = Debug|Any CPU
		{8844BFB1-EB02-40BB-85A7-DF2B4F67C29D}.Release|Any CPU.ActiveCfg = Release|Any CPU
		{8844BFB1-EB02-40BB-85A7-DF2B4F67C29D}.Release|Any CPU.Build.0 = Release|Any CPU
		{8844BFB1-EB02-40BB-85A7-DF2B4F67C29D}.Release|ARM.ActiveCfg = Release|Any CPU
		{8844BFB1-EB02-40BB-85A7-DF2B4F67C29D}.Release|ARM.Build.0 = Release|Any CPU
		{8844BFB1-EB02-40BB-85A7-DF2B4F67C29D}.Release|ARM64.ActiveCfg = Release|Any CPU
		{8844BFB1-EB02-40BB-85A7-DF2B4F67C29D}.Release|ARM64.Build.0 = Release|Any CPU
		{8844BFB1-EB02-40BB-85A7-DF2B4F67C29D}.Release|iPhone.ActiveCfg = Release|Any CPU
		{8844BFB1-EB02-40BB-85A7-DF2B4F67C29D}.Release|iPhone.Build.0 = Release|Any CPU
		{8844BFB1-EB02-40BB-85A7-DF2B4F67C29D}.Release|iPhoneSimulator.ActiveCfg = Release|Any CPU
		{8844BFB1-EB02-40BB-85A7-DF2B4F67C29D}.Release|iPhoneSimulator.Build.0 = Release|Any CPU
		{8844BFB1-EB02-40BB-85A7-DF2B4F67C29D}.Release|x64.ActiveCfg = Release|Any CPU
		{8844BFB1-EB02-40BB-85A7-DF2B4F67C29D}.Release|x64.Build.0 = Release|Any CPU
		{8844BFB1-EB02-40BB-85A7-DF2B4F67C29D}.Release|x86.ActiveCfg = Release|Any CPU
		{8844BFB1-EB02-40BB-85A7-DF2B4F67C29D}.Release|x86.Build.0 = Release|Any CPU
		{114BEE58-42EB-4466-BF1D-C3B2E902B994}.Debug|Any CPU.ActiveCfg = Debug|Any CPU
		{114BEE58-42EB-4466-BF1D-C3B2E902B994}.Debug|Any CPU.Build.0 = Debug|Any CPU
		{114BEE58-42EB-4466-BF1D-C3B2E902B994}.Debug|ARM.ActiveCfg = Debug|Any CPU
		{114BEE58-42EB-4466-BF1D-C3B2E902B994}.Debug|ARM.Build.0 = Debug|Any CPU
		{114BEE58-42EB-4466-BF1D-C3B2E902B994}.Debug|ARM64.ActiveCfg = Debug|Any CPU
		{114BEE58-42EB-4466-BF1D-C3B2E902B994}.Debug|ARM64.Build.0 = Debug|Any CPU
		{114BEE58-42EB-4466-BF1D-C3B2E902B994}.Debug|iPhone.ActiveCfg = Debug|Any CPU
		{114BEE58-42EB-4466-BF1D-C3B2E902B994}.Debug|iPhone.Build.0 = Debug|Any CPU
		{114BEE58-42EB-4466-BF1D-C3B2E902B994}.Debug|iPhoneSimulator.ActiveCfg = Debug|Any CPU
		{114BEE58-42EB-4466-BF1D-C3B2E902B994}.Debug|iPhoneSimulator.Build.0 = Debug|Any CPU
		{114BEE58-42EB-4466-BF1D-C3B2E902B994}.Debug|x64.ActiveCfg = Debug|Any CPU
		{114BEE58-42EB-4466-BF1D-C3B2E902B994}.Debug|x64.Build.0 = Debug|Any CPU
		{114BEE58-42EB-4466-BF1D-C3B2E902B994}.Debug|x86.ActiveCfg = Debug|Any CPU
		{114BEE58-42EB-4466-BF1D-C3B2E902B994}.Debug|x86.Build.0 = Debug|Any CPU
		{114BEE58-42EB-4466-BF1D-C3B2E902B994}.Release|Any CPU.ActiveCfg = Release|Any CPU
		{114BEE58-42EB-4466-BF1D-C3B2E902B994}.Release|Any CPU.Build.0 = Release|Any CPU
		{114BEE58-42EB-4466-BF1D-C3B2E902B994}.Release|ARM.ActiveCfg = Release|Any CPU
		{114BEE58-42EB-4466-BF1D-C3B2E902B994}.Release|ARM.Build.0 = Release|Any CPU
		{114BEE58-42EB-4466-BF1D-C3B2E902B994}.Release|ARM64.ActiveCfg = Release|Any CPU
		{114BEE58-42EB-4466-BF1D-C3B2E902B994}.Release|ARM64.Build.0 = Release|Any CPU
		{114BEE58-42EB-4466-BF1D-C3B2E902B994}.Release|iPhone.ActiveCfg = Release|Any CPU
		{114BEE58-42EB-4466-BF1D-C3B2E902B994}.Release|iPhone.Build.0 = Release|Any CPU
		{114BEE58-42EB-4466-BF1D-C3B2E902B994}.Release|iPhoneSimulator.ActiveCfg = Release|Any CPU
		{114BEE58-42EB-4466-BF1D-C3B2E902B994}.Release|iPhoneSimulator.Build.0 = Release|Any CPU
		{114BEE58-42EB-4466-BF1D-C3B2E902B994}.Release|x64.ActiveCfg = Release|Any CPU
		{114BEE58-42EB-4466-BF1D-C3B2E902B994}.Release|x64.Build.0 = Release|Any CPU
		{114BEE58-42EB-4466-BF1D-C3B2E902B994}.Release|x86.ActiveCfg = Release|Any CPU
		{114BEE58-42EB-4466-BF1D-C3B2E902B994}.Release|x86.Build.0 = Release|Any CPU
		{4DCEDF2D-4002-41AC-A705-08BFD5879C6F}.Debug|Any CPU.ActiveCfg = Debug|Any CPU
		{4DCEDF2D-4002-41AC-A705-08BFD5879C6F}.Debug|Any CPU.Build.0 = Debug|Any CPU
		{4DCEDF2D-4002-41AC-A705-08BFD5879C6F}.Debug|ARM.ActiveCfg = Debug|Any CPU
		{4DCEDF2D-4002-41AC-A705-08BFD5879C6F}.Debug|ARM.Build.0 = Debug|Any CPU
		{4DCEDF2D-4002-41AC-A705-08BFD5879C6F}.Debug|ARM64.ActiveCfg = Debug|Any CPU
		{4DCEDF2D-4002-41AC-A705-08BFD5879C6F}.Debug|ARM64.Build.0 = Debug|Any CPU
		{4DCEDF2D-4002-41AC-A705-08BFD5879C6F}.Debug|iPhone.ActiveCfg = Debug|Any CPU
		{4DCEDF2D-4002-41AC-A705-08BFD5879C6F}.Debug|iPhone.Build.0 = Debug|Any CPU
		{4DCEDF2D-4002-41AC-A705-08BFD5879C6F}.Debug|iPhoneSimulator.ActiveCfg = Debug|Any CPU
		{4DCEDF2D-4002-41AC-A705-08BFD5879C6F}.Debug|iPhoneSimulator.Build.0 = Debug|Any CPU
		{4DCEDF2D-4002-41AC-A705-08BFD5879C6F}.Debug|x64.ActiveCfg = Debug|Any CPU
		{4DCEDF2D-4002-41AC-A705-08BFD5879C6F}.Debug|x64.Build.0 = Debug|Any CPU
		{4DCEDF2D-4002-41AC-A705-08BFD5879C6F}.Debug|x86.ActiveCfg = Debug|Any CPU
		{4DCEDF2D-4002-41AC-A705-08BFD5879C6F}.Debug|x86.Build.0 = Debug|Any CPU
		{4DCEDF2D-4002-41AC-A705-08BFD5879C6F}.Release|Any CPU.ActiveCfg = Release|Any CPU
		{4DCEDF2D-4002-41AC-A705-08BFD5879C6F}.Release|Any CPU.Build.0 = Release|Any CPU
		{4DCEDF2D-4002-41AC-A705-08BFD5879C6F}.Release|ARM.ActiveCfg = Release|Any CPU
		{4DCEDF2D-4002-41AC-A705-08BFD5879C6F}.Release|ARM.Build.0 = Release|Any CPU
		{4DCEDF2D-4002-41AC-A705-08BFD5879C6F}.Release|ARM64.ActiveCfg = Release|Any CPU
		{4DCEDF2D-4002-41AC-A705-08BFD5879C6F}.Release|ARM64.Build.0 = Release|Any CPU
		{4DCEDF2D-4002-41AC-A705-08BFD5879C6F}.Release|iPhone.ActiveCfg = Release|Any CPU
		{4DCEDF2D-4002-41AC-A705-08BFD5879C6F}.Release|iPhone.Build.0 = Release|Any CPU
		{4DCEDF2D-4002-41AC-A705-08BFD5879C6F}.Release|iPhoneSimulator.ActiveCfg = Release|Any CPU
		{4DCEDF2D-4002-41AC-A705-08BFD5879C6F}.Release|iPhoneSimulator.Build.0 = Release|Any CPU
		{4DCEDF2D-4002-41AC-A705-08BFD5879C6F}.Release|x64.ActiveCfg = Release|Any CPU
		{4DCEDF2D-4002-41AC-A705-08BFD5879C6F}.Release|x64.Build.0 = Release|Any CPU
		{4DCEDF2D-4002-41AC-A705-08BFD5879C6F}.Release|x86.ActiveCfg = Release|Any CPU
		{4DCEDF2D-4002-41AC-A705-08BFD5879C6F}.Release|x86.Build.0 = Release|Any CPU
		{AC9BABA4-D89B-4EDA-BBA9-0AF785A2EB1C}.Debug|Any CPU.ActiveCfg = Debug|x64
		{AC9BABA4-D89B-4EDA-BBA9-0AF785A2EB1C}.Debug|ARM.ActiveCfg = Debug|x64
		{AC9BABA4-D89B-4EDA-BBA9-0AF785A2EB1C}.Debug|ARM.Build.0 = Debug|x64
		{AC9BABA4-D89B-4EDA-BBA9-0AF785A2EB1C}.Debug|ARM.Deploy.0 = Debug|x64
		{AC9BABA4-D89B-4EDA-BBA9-0AF785A2EB1C}.Debug|ARM64.ActiveCfg = Debug|arm64
		{AC9BABA4-D89B-4EDA-BBA9-0AF785A2EB1C}.Debug|ARM64.Build.0 = Debug|arm64
		{AC9BABA4-D89B-4EDA-BBA9-0AF785A2EB1C}.Debug|ARM64.Deploy.0 = Debug|arm64
		{AC9BABA4-D89B-4EDA-BBA9-0AF785A2EB1C}.Debug|iPhone.ActiveCfg = Debug|x64
		{AC9BABA4-D89B-4EDA-BBA9-0AF785A2EB1C}.Debug|iPhone.Build.0 = Debug|x64
		{AC9BABA4-D89B-4EDA-BBA9-0AF785A2EB1C}.Debug|iPhone.Deploy.0 = Debug|x64
		{AC9BABA4-D89B-4EDA-BBA9-0AF785A2EB1C}.Debug|iPhoneSimulator.ActiveCfg = Debug|x64
		{AC9BABA4-D89B-4EDA-BBA9-0AF785A2EB1C}.Debug|iPhoneSimulator.Build.0 = Debug|x64
		{AC9BABA4-D89B-4EDA-BBA9-0AF785A2EB1C}.Debug|iPhoneSimulator.Deploy.0 = Debug|x64
		{AC9BABA4-D89B-4EDA-BBA9-0AF785A2EB1C}.Debug|x64.ActiveCfg = Debug|x64
		{AC9BABA4-D89B-4EDA-BBA9-0AF785A2EB1C}.Debug|x64.Build.0 = Debug|x64
		{AC9BABA4-D89B-4EDA-BBA9-0AF785A2EB1C}.Debug|x86.ActiveCfg = Debug|x86
		{AC9BABA4-D89B-4EDA-BBA9-0AF785A2EB1C}.Debug|x86.Build.0 = Debug|x86
		{AC9BABA4-D89B-4EDA-BBA9-0AF785A2EB1C}.Release|Any CPU.ActiveCfg = Release|x64
		{AC9BABA4-D89B-4EDA-BBA9-0AF785A2EB1C}.Release|Any CPU.Build.0 = Release|x64
		{AC9BABA4-D89B-4EDA-BBA9-0AF785A2EB1C}.Release|Any CPU.Deploy.0 = Release|x64
		{AC9BABA4-D89B-4EDA-BBA9-0AF785A2EB1C}.Release|ARM.ActiveCfg = Release|x64
		{AC9BABA4-D89B-4EDA-BBA9-0AF785A2EB1C}.Release|ARM.Build.0 = Release|x64
		{AC9BABA4-D89B-4EDA-BBA9-0AF785A2EB1C}.Release|ARM64.ActiveCfg = Release|arm64
		{AC9BABA4-D89B-4EDA-BBA9-0AF785A2EB1C}.Release|ARM64.Build.0 = Release|arm64
		{AC9BABA4-D89B-4EDA-BBA9-0AF785A2EB1C}.Release|iPhone.ActiveCfg = Release|x64
		{AC9BABA4-D89B-4EDA-BBA9-0AF785A2EB1C}.Release|iPhone.Build.0 = Release|x64
		{AC9BABA4-D89B-4EDA-BBA9-0AF785A2EB1C}.Release|iPhoneSimulator.ActiveCfg = Release|x64
		{AC9BABA4-D89B-4EDA-BBA9-0AF785A2EB1C}.Release|iPhoneSimulator.Build.0 = Release|x64
		{AC9BABA4-D89B-4EDA-BBA9-0AF785A2EB1C}.Release|x64.ActiveCfg = Release|x64
		{AC9BABA4-D89B-4EDA-BBA9-0AF785A2EB1C}.Release|x64.Build.0 = Release|x64
		{AC9BABA4-D89B-4EDA-BBA9-0AF785A2EB1C}.Release|x86.ActiveCfg = Release|x86
		{AC9BABA4-D89B-4EDA-BBA9-0AF785A2EB1C}.Release|x86.Build.0 = Release|x86
		{2A26C938-F51F-4F4A-A389-3DA5DB70CEC9}.Debug|Any CPU.ActiveCfg = Debug|Any CPU
		{2A26C938-F51F-4F4A-A389-3DA5DB70CEC9}.Debug|Any CPU.Build.0 = Debug|Any CPU
		{2A26C938-F51F-4F4A-A389-3DA5DB70CEC9}.Debug|ARM.ActiveCfg = Debug|Any CPU
		{2A26C938-F51F-4F4A-A389-3DA5DB70CEC9}.Debug|ARM.Build.0 = Debug|Any CPU
		{2A26C938-F51F-4F4A-A389-3DA5DB70CEC9}.Debug|ARM64.ActiveCfg = Debug|Any CPU
		{2A26C938-F51F-4F4A-A389-3DA5DB70CEC9}.Debug|ARM64.Build.0 = Debug|Any CPU
		{2A26C938-F51F-4F4A-A389-3DA5DB70CEC9}.Debug|iPhone.ActiveCfg = Debug|Any CPU
		{2A26C938-F51F-4F4A-A389-3DA5DB70CEC9}.Debug|iPhone.Build.0 = Debug|Any CPU
		{2A26C938-F51F-4F4A-A389-3DA5DB70CEC9}.Debug|iPhoneSimulator.ActiveCfg = Debug|Any CPU
		{2A26C938-F51F-4F4A-A389-3DA5DB70CEC9}.Debug|iPhoneSimulator.Build.0 = Debug|Any CPU
		{2A26C938-F51F-4F4A-A389-3DA5DB70CEC9}.Debug|x64.ActiveCfg = Debug|Any CPU
		{2A26C938-F51F-4F4A-A389-3DA5DB70CEC9}.Debug|x64.Build.0 = Debug|Any CPU
		{2A26C938-F51F-4F4A-A389-3DA5DB70CEC9}.Debug|x86.ActiveCfg = Debug|Any CPU
		{2A26C938-F51F-4F4A-A389-3DA5DB70CEC9}.Debug|x86.Build.0 = Debug|Any CPU
		{2A26C938-F51F-4F4A-A389-3DA5DB70CEC9}.Release|Any CPU.ActiveCfg = Release|Any CPU
		{2A26C938-F51F-4F4A-A389-3DA5DB70CEC9}.Release|Any CPU.Build.0 = Release|Any CPU
		{2A26C938-F51F-4F4A-A389-3DA5DB70CEC9}.Release|ARM.ActiveCfg = Release|Any CPU
		{2A26C938-F51F-4F4A-A389-3DA5DB70CEC9}.Release|ARM.Build.0 = Release|Any CPU
		{2A26C938-F51F-4F4A-A389-3DA5DB70CEC9}.Release|ARM64.ActiveCfg = Release|Any CPU
		{2A26C938-F51F-4F4A-A389-3DA5DB70CEC9}.Release|ARM64.Build.0 = Release|Any CPU
		{2A26C938-F51F-4F4A-A389-3DA5DB70CEC9}.Release|iPhone.ActiveCfg = Release|Any CPU
		{2A26C938-F51F-4F4A-A389-3DA5DB70CEC9}.Release|iPhone.Build.0 = Release|Any CPU
		{2A26C938-F51F-4F4A-A389-3DA5DB70CEC9}.Release|iPhoneSimulator.ActiveCfg = Release|Any CPU
		{2A26C938-F51F-4F4A-A389-3DA5DB70CEC9}.Release|iPhoneSimulator.Build.0 = Release|Any CPU
		{2A26C938-F51F-4F4A-A389-3DA5DB70CEC9}.Release|x64.ActiveCfg = Release|Any CPU
		{2A26C938-F51F-4F4A-A389-3DA5DB70CEC9}.Release|x64.Build.0 = Release|Any CPU
		{2A26C938-F51F-4F4A-A389-3DA5DB70CEC9}.Release|x86.ActiveCfg = Release|Any CPU
		{2A26C938-F51F-4F4A-A389-3DA5DB70CEC9}.Release|x86.Build.0 = Release|Any CPU
	EndGlobalSection
	GlobalSection(SolutionProperties) = preSolution
		HideSolutionNode = FALSE
	EndGlobalSection
	GlobalSection(NestedProjects) = preSolution
		{4DCEDF2D-4002-41AC-A705-08BFD5879C6F} = {684831E8-C62D-4208-ACEB-CD99F631FE9E}
		{2189102C-8698-4760-A2C5-ADED686F84E2} = {663A6C46-D746-4109-B199-9C9EE689CB6F}
		{663A6C46-D746-4109-B199-9C9EE689CB6F} = {684831E8-C62D-4208-ACEB-CD99F631FE9E}
		{5BD276C3-3F42-426C-BC17-130BDE0D9F13} = {663A6C46-D746-4109-B199-9C9EE689CB6F}
		{8844BFB1-EB02-40BB-85A7-DF2B4F67C29D} = {663A6C46-D746-4109-B199-9C9EE689CB6F}
		{114BEE58-42EB-4466-BF1D-C3B2E902B994} = {663A6C46-D746-4109-B199-9C9EE689CB6F}
		{AC9BABA4-D89B-4EDA-BBA9-0AF785A2EB1C} = {663A6C46-D746-4109-B199-9C9EE689CB6F}
		{3A05EEF9-9E58-41B1-B6C9-A17BA1BB7E8B} = {684831E8-C62D-4208-ACEB-CD99F631FE9E}
		{2A26C938-F51F-4F4A-A389-3DA5DB70CEC9} = {3A05EEF9-9E58-41B1-B6C9-A17BA1BB7E8B}
	EndGlobalSection
	GlobalSection(ExtensibilityGlobals) = postSolution
		SolutionGuid = {E585DF1C-6028-4A57-9A09-1CAA5FC0B8FD}
	EndGlobalSection
EndGlobal
